
Microsoft Visual Studio Solution File, Format Version 12.00
Project("{FAE04EC0-301F-11D3-BF4B-00C04F79EFBC}") = "src", ".\src\src\src.csproj", "{D6D5F905-50ED-4481-8CCA-CC87DF9769EB}"
EndProject
Project("{2150E333-8FDC-42A3-9474-1A3956D46DE8}") = "src", "src", "{0C5A55F4-C6A8-44AD-9AE1-1D9D02CBD1FE}"
EndProject
Global
	GlobalSection(SolutionConfigurationPlatforms) = preSolution
		Debug|Any CPU = Debug|Any CPU
		Release|Any CPU = Release|Any CPU
	EndGlobalSection
	GlobalSection(ProjectConfigurationPlatforms) = postSolution
		{D6D5F905-50ED-4481-8CCA-CC87DF9769EB}.Debug|Any CPU.ActiveCfg = Debug|Any CPU
		{D6D5F905-50ED-4481-8CCA-CC87DF9769EB}.Debug|Any CPU.Build.0 = Debug|Any CPU
		{D6D5F905-50ED-4481-8CCA-CC87DF9769EB}.Release|Any CPU.ActiveCfg = Release|Any CPU
		{D6D5F905-50ED-4481-8CCA-CC87DF9769EB}.Release|Any CPU.Build.0 = Release|Any CPU
	EndGlobalSection
	GlobalSection(NestedProjects) = preSolution
		{D6D5F905-50ED-4481-8CCA-CC87DF9769EB} = {0C5A55F4-C6A8-44AD-9AE1-1D9D02CBD1FE}
	EndGlobalSection
EndGlobal
